
Microsoft Visual Studio Solution File, Format Version 12.00
# Visual Studio Version 16
VisualStudioVersion = 16.0.29920.165
MinimumVisualStudioVersion = 10.0.40219.1
Project("{FAE04EC0-301F-11D3-BF4B-00C04F79EFBC}") = "HomePlant", "HomePlant\HomePlant.csproj", "{FC409587-D5AE-45D1-AD66-A7B16C4DAC5C}"
EndProject
Project("{2150E333-8FDC-42A3-9474-1A3956D46DE8}") = "Solution Items", "Solution Items", "{58B0B053-6457-41D3-9795-D87525D138AD}"
	ProjectSection(SolutionItems) = preProject
		.editorconfig = .editorconfig
	EndProjectSection
EndProject
Global
	GlobalSection(SolutionConfigurationPlatforms) = preSolution
		Debug|Any CPU = Debug|Any CPU
		Release|Any CPU = Release|Any CPU
	EndGlobalSection
	GlobalSection(ProjectConfigurationPlatforms) = postSolution
		{FC409587-D5AE-45D1-AD66-A7B16C4DAC5C}.Debug|Any CPU.ActiveCfg = Debug|Any CPU
		{FC409587-D5AE-45D1-AD66-A7B16C4DAC5C}.Debug|Any CPU.Build.0 = Debug|Any CPU
		{FC409587-D5AE-45D1-AD66-A7B16C4DAC5C}.Release|Any CPU.ActiveCfg = Release|Any CPU
		{FC409587-D5AE-45D1-AD66-A7B16C4DAC5C}.Release|Any CPU.Build.0 = Release|Any CPU
	EndGlobalSection
	GlobalSection(SolutionProperties) = preSolution
		HideSolutionNode = FALSE
	EndGlobalSection
	GlobalSection(ExtensibilityGlobals) = postSolution
		SolutionGuid = {66218FBA-8D07-46EA-B274-F636C8FD3C15}
	EndGlobalSection
EndGlobal
